// !$*UTF8*$!
{
	archiveVersion = 1;
	classes = {
	};
	objectVersion = 48;
	objects = {

/* Begin PBXBuildFile section */
		428B477F1F7B66490069B415 /* AppDelegate.swift in Sources */ = {isa = PBXBuildFile; fileRef = 428B477E1F7B66490069B415 /* AppDelegate.swift */; };
		428B47811F7B66490069B415 /* ViewController.swift in Sources */ = {isa = PBXBuildFile; fileRef = 428B47801F7B66490069B415 /* ViewController.swift */; };
		428B47841F7B66490069B415 /* Main.storyboard in Resources */ = {isa = PBXBuildFile; fileRef = 428B47821F7B66490069B415 /* Main.storyboard */; };
		428B47871F7B66490069B415 /* Pushup_Tracker.xcdatamodeld in Sources */ = {isa = PBXBuildFile; fileRef = 428B47851F7B66490069B415 /* Pushup_Tracker.xcdatamodeld */; };
		428B47891F7B66490069B415 /* Assets.xcassets in Resources */ = {isa = PBXBuildFile; fileRef = 428B47881F7B66490069B415 /* Assets.xcassets */; };
		428B478C1F7B66490069B415 /* LaunchScreen.storyboard in Resources */ = {isa = PBXBuildFile; fileRef = 428B478A1F7B66490069B415 /* LaunchScreen.storyboard */; };
/* End PBXBuildFile section */

/* Begin PBXFileReference section */
		428B477B1F7B66490069B415 /* Pushup Tracker.app */ = {isa = PBXFileReference; explicitFileType = wrapper.application; includeInIndex = 0; path = "Pushup Tracker.app"; sourceTree = BUILT_PRODUCTS_DIR; };
		428B477E1F7B66490069B415 /* AppDelegate.swift */ = {isa = PBXFileReference; lastKnownFileType = sourcecode.swift; path = AppDelegate.swift; sourceTree = "<group>"; };
		428B47801F7B66490069B415 /* ViewController.swift */ = {isa = PBXFileReference; lastKnownFileType = sourcecode.swift; path = ViewController.swift; sourceTree = "<group>"; };
		428B47831F7B66490069B415 /* Base */ = {isa = PBXFileReference; lastKnownFileType = file.storyboard; name = Base; path = Base.lproj/Main.storyboard; sourceTree = "<group>"; };
		428B47861F7B66490069B415 /* Pushup_Tracker.xcdatamodel */ = {isa = PBXFileReference; lastKnownFileType = wrapper.xcdatamodel; path = Pushup_Tracker.xcdatamodel; sourceTree = "<group>"; };
		428B47881F7B66490069B415 /* Assets.xcassets */ = {isa = PBXFileReference; lastKnownFileType = folder.assetcatalog; path = Assets.xcassets; sourceTree = "<group>"; };
		428B478B1F7B66490069B415 /* Base */ = {isa = PBXFileReference; lastKnownFileType = file.storyboard; name = Base; path = Base.lproj/LaunchScreen.storyboard; sourceTree = "<group>"; };
		428B478D1F7B66490069B415 /* Info.plist */ = {isa = PBXFileReference; lastKnownFileType = text.plist.xml; path = Info.plist; sourceTree = "<group>"; };
/* End PBXFileReference section */

/* Begin PBXFrameworksBuildPhase section */
		428B47781F7B66490069B415 /* Frameworks */ = {
			isa = PBXFrameworksBuildPhase;
			buildActionMask = 2147483647;
			files = (
			);
			runOnlyForDeploymentPostprocessing = 0;
		};
/* End PBXFrameworksBuildPhase section */

/* Begin PBXGroup section */
		428B47721F7B66490069B415 = {
			isa = PBXGroup;
			children = (
				428B477D1F7B66490069B415 /* Pushup Tracker */,
				428B477C1F7B66490069B415 /* Products */,
			);
			sourceTree = "<group>";
		};
		428B477C1F7B66490069B415 /* Products */ = {
			isa = PBXGroup;
			children = (
				428B477B1F7B66490069B415 /* Pushup Tracker.app */,
			);
			name = Products;
			sourceTree = "<group>";
		};
		428B477D1F7B66490069B415 /* Pushup Tracker */ = {
			isa = PBXGroup;
			children = (
				428B477E1F7B66490069B415 /* AppDelegate.swift */,
				428B47801F7B66490069B415 /* ViewController.swift */,
				428B47821F7B66490069B415 /* Main.storyboard */,
				428B47881F7B66490069B415 /* Assets.xcassets */,
				428B478A1F7B66490069B415 /* LaunchScreen.storyboard */,
				428B478D1F7B66490069B415 /* Info.plist */,
				428B47851F7B66490069B415 /* Pushup_Tracker.xcdatamodeld */,
			);
			path = "Pushup Tracker";
			sourceTree = "<group>";
		};
/* End PBXGroup section */

/* Begin PBXNativeTarget section */
		428B477A1F7B66490069B415 /* Pushup Tracker */ = {
			isa = PBXNativeTarget;
			buildConfigurationList = 428B47901F7B66490069B415 /* Build configuration list for PBXNativeTarget "Pushup Tracker" */;
			buildPhases = (
				428B47771F7B66490069B415 /* Sources */,
				428B47781F7B66490069B415 /* Frameworks */,
				428B47791F7B66490069B415 /* Resources */,
			);
			buildRules = (
			);
			dependencies = (
			);
			name = "Pushup Tracker";
			productName = "Pushup Tracker";
			productReference = 428B477B1F7B66490069B415 /* Pushup Tracker.app */;
			productType = "com.apple.product-type.application";
		};
/* End PBXNativeTarget section */

/* Begin PBXProject section */
		428B47731F7B66490069B415 /* Project object */ = {
			isa = PBXProject;
			attributes = {
				LastSwiftUpdateCheck = 0900;
				LastUpgradeCheck = 0900;
				ORGANIZATIONNAME = "Joshua Dance";
				TargetAttributes = {
					428B477A1F7B66490069B415 = {
						CreatedOnToolsVersion = 9.0;
						ProvisioningStyle = Automatic;
					};
				};
			};
			buildConfigurationList = 428B47761F7B66490069B415 /* Build configuration list for PBXProject "Pushup Tracker" */;
			compatibilityVersion = "Xcode 8.0";
			developmentRegion = en;
			hasScannedForEncodings = 0;
			knownRegions = (
				en,
				Base,
			);
			mainGroup = 428B47721F7B66490069B415;
			productRefGroup = 428B477C1F7B66490069B415 /* Products */;
			projectDirPath = "";
			projectRoot = "";
			targets = (
				428B477A1F7B66490069B415 /* Pushup Tracker */,
			);
		};
/* End PBXProject section */

/* Begin PBXResourcesBuildPhase section */
		428B47791F7B66490069B415 /* Resources */ = {
			isa = PBXResourcesBuildPhase;
			buildActionMask = 2147483647;
			files = (
				428B478C1F7B66490069B415 /* LaunchScreen.storyboard in Resources */,
				428B47891F7B66490069B415 /* Assets.xcassets in Resources */,
				428B47841F7B66490069B415 /* Main.storyboard in Resources */,
			);
			runOnlyForDeploymentPostprocessing = 0;
		};
/* End PBXResourcesBuildPhase section */

/* Begin PBXSourcesBuildPhase section */
		428B47771F7B66490069B415 /* Sources */ = {
			isa = PBXSourcesBuildPhase;
			buildActionMask = 2147483647;
			files = (
				428B47871F7B66490069B415 /* Pushup_Tracker.xcdatamodeld in Sources */,
				428B47811F7B66490069B415 /* ViewController.swift in Sources */,
				428B477F1F7B66490069B415 /* AppDelegate.swift in Sources */,
			);
			runOnlyForDeploymentPostprocessing = 0;
		};
/* End PBXSourcesBuildPhase section */

/* Begin PBXVariantGroup section */
		428B47821F7B66490069B415 /* Main.storyboard */ = {
			isa = PBXVariantGroup;
			children = (
				428B47831F7B66490069B415 /* Base */,
			);
			name = Main.storyboard;
			sourceTree = "<group>";
		};
		428B478A1F7B66490069B415 /* LaunchScreen.storyboard */ = {
			isa = PBXVariantGroup;
			children = (
				428B478B1F7B66490069B415 /* Base */,
			);
			name = LaunchScreen.storyboard;
			sourceTree = "<group>";
		};
/* End PBXVariantGroup section */

/* Begin XCBuildConfiguration section */
		428B478E1F7B66490069B415 /* Debug */ = {
			isa = XCBuildConfiguration;
			buildSettings = {
				ALWAYS_SEARCH_USER_PATHS = NO;
				CLANG_ANALYZER_NONNULL = YES;
				CLANG_ANALYZER_NUMBER_OBJECT_CONVERSION = YES_AGGRESSIVE;
				CLANG_CXX_LANGUAGE_STANDARD = "gnu++14";
				CLANG_CXX_LIBRARY = "libc++";
				CLANG_ENABLE_MODULES = YES;
				CLANG_ENABLE_OBJC_ARC = YES;
				CLANG_WARN_BLOCK_CAPTURE_AUTORELEASING = YES;
				CLANG_WARN_BOOL_CONVERSION = YES;
				CLANG_WARN_COMMA = YES;
				CLANG_WARN_CONSTANT_CONVERSION = YES;
				CLANG_WARN_DIRECT_OBJC_ISA_USAGE = YES_ERROR;
				CLANG_WARN_DOCUMENTATION_COMMENTS = YES;
				CLANG_WARN_EMPTY_BODY = YES;
				CLANG_WARN_ENUM_CONVERSION = YES;
				CLANG_WARN_INFINITE_RECURSION = YES;
				CLANG_WARN_INT_CONVERSION = YES;
				CLANG_WARN_NON_LITERAL_NULL_CONVERSION = YES;
				CLANG_WARN_OBJC_LITERAL_CONVERSION = YES;
				CLANG_WARN_OBJC_ROOT_CLASS = YES_ERROR;
				CLANG_WARN_RANGE_LOOP_ANALYSIS = YES;
				CLANG_WARN_STRICT_PROTOTYPES = YES;
				CLANG_WARN_SUSPICIOUS_MOVE = YES;
				CLANG_WARN_UNGUARDED_AVAILABILITY = YES_AGGRESSIVE;
				CLANG_WARN_UNREACHABLE_CODE = YES;
				CLANG_WARN__DUPLICATE_METHOD_MATCH = YES;
				CODE_SIGN_IDENTITY = "iPhone Developer";
				COPY_PHASE_STRIP = NO;
				DEBUG_INFORMATION_FORMAT = dwarf;
				ENABLE_STRICT_OBJC_MSGSEND = YES;
				ENABLE_TESTABILITY = YES;
				GCC_C_LANGUAGE_STANDARD = gnu11;
				GCC_DYNAMIC_NO_PIC = NO;
				GCC_NO_COMMON_BLOCKS = YES;
				GCC_OPTIMIZATION_LEVEL = 0;
				GCC_PREPROCESSOR_DEFINITIONS = (
					"DEBUG=1",
					"$(inherited)",
				);
				GCC_WARN_64_TO_32_BIT_CONVERSION = YES;
				GCC_WARN_ABOUT_RETURN_TYPE = YES_ERROR;
				GCC_WARN_UNDECLARED_SELECTOR = YES;
				GCC_WARN_UNINITIALIZED_AUTOS = YES_AGGRESSIVE;
				GCC_WARN_UNUSED_FUNCTION = YES;
				GCC_WARN_UNUSED_VARIABLE = YES;
				IPHONEOS_DEPLOYMENT_TARGET = 11.0;
				MTL_ENABLE_DEBUG_INFO = YES;
				ONLY_ACTIVE_ARCH = YES;
				SDKROOT = iphoneos;
				SWIFT_ACTIVE_COMPILATION_CONDITIONS = DEBUG;
				SWIFT_OPTIMIZATION_LEVEL = "-Onone";
			};
			name = Debug;
		};
		428B478F1F7B66490069B415 /* Release */ = {
			isa = XCBuildConfiguration;
			buildSettings = {
				ALWAYS_SEARCH_USER_PATHS = NO;
				CLANG_ANALYZER_NONNULL = YES;
				CLANG_ANALYZER_NUMBER_OBJECT_CONVERSION = YES_AGGRESSIVE;
				CLANG_CXX_LANGUAGE_STANDARD = "gnu++14";
				CLANG_CXX_LIBRARY = "libc++";
				CLANG_ENABLE_MODULES = YES;
				CLANG_ENABLE_OBJC_ARC = YES;
				CLANG_WARN_BLOCK_CAPTURE_AUTORELEASING = YES;
				CLANG_WARN_BOOL_CONVERSION = YES;
				CLANG_WARN_COMMA = YES;
				CLANG_WARN_CONSTANT_CONVERSION = YES;
				CLANG_WARN_DIRECT_OBJC_ISA_USAGE = YES_ERROR;
				CLANG_WARN_DOCUMENTATION_COMMENTS = YES;
				CLANG_WARN_EMPTY_BODY = YES;
				CLANG_WARN_ENUM_CONVERSION = YES;
				CLANG_WARN_INFINITE_RECURSION = YES;
				CLANG_WARN_INT_CONVERSION = YES;
				CLANG_WARN_NON_LITERAL_NULL_CONVERSION = YES;
				CLANG_WARN_OBJC_LITERAL_CONVERSION = YES;
				CLANG_WARN_OBJC_ROOT_CLASS = YES_ERROR;
				CLANG_WARN_RANGE_LOOP_ANALYSIS = YES;
				CLANG_WARN_STRICT_PROTOTYPES = YES;
				CLANG_WARN_SUSPICIOUS_MOVE = YES;
				CLANG_WARN_UNGUARDED_AVAILABILITY = YES_AGGRESSIVE;
				CLANG_WARN_UNREACHABLE_CODE = YES;
				CLANG_WARN__DUPLICATE_METHOD_MATCH = YES;
				CODE_SIGN_IDENTITY = "iPhone Developer";
				COPY_PHASE_STRIP = NO;
				DEBUG_INFORMATION_FORMAT = "dwarf-with-dsym";
				ENABLE_NS_ASSERTIONS = NO;
				ENABLE_STRICT_OBJC_MSGSEND = YES;
				GCC_C_LANGUAGE_STANDARD = gnu11;
				GCC_NO_COMMON_BLOCKS = YES;
				GCC_WARN_64_TO_32_BIT_CONVERSION = YES;
				GCC_WARN_ABOUT_RETURN_TYPE = YES_ERROR;
				GCC_WARN_UNDECLARED_SELECTOR = YES;
				GCC_WARN_UNINITIALIZED_AUTOS = YES_AGGRESSIVE;
				GCC_WARN_UNUSED_FUNCTION = YES;
				GCC_WARN_UNUSED_VARIABLE = YES;
				IPHONEOS_DEPLOYMENT_TARGET = 11.0;
				MTL_ENABLE_DEBUG_INFO = NO;
				SDKROOT = iphoneos;
				SWIFT_OPTIMIZATION_LEVEL = "-Owholemodule";
				VALIDATE_PRODUCT = YES;
			};
			name = Release;
		};
		428B47911F7B66490069B415 /* Debug */ = {
			isa = XCBuildConfiguration;
			buildSettings = {
				ASSETCATALOG_COMPILER_APPICON_NAME = AppIcon;
				CODE_SIGN_STYLE = Automatic;
				INFOPLIST_FILE = "Pushup Tracker/Info.plist";
				LD_RUNPATH_SEARCH_PATHS = "$(inherited) @executable_path/Frameworks";
				PRODUCT_BUNDLE_IDENTIFIER = "wild.Pushup-Tracker";
				PRODUCT_NAME = "$(TARGET_NAME)";
				SWIFT_VERSION = 4.0;
				TARGETED_DEVICE_FAMILY = "1,2";
			};
			name = Debug;
		};
		428B47921F7B66490069B415 /* Release */ = {
			isa = XCBuildConfiguration;
			buildSettings = {
				ASSETCATALOG_COMPILER_APPICON_NAME = AppIcon;
				CODE_SIGN_STYLE = Automatic;
				INFOPLIST_FILE = "Pushup Tracker/Info.plist";
				LD_RUNPATH_SEARCH_PATHS = "$(inherited) @executable_path/Frameworks";
				PRODUCT_BUNDLE_IDENTIFIER = "wild.Pushup-Tracker";
				PRODUCT_NAME = "$(TARGET_NAME)";
				SWIFT_VERSION = 4.0;
				TARGETED_DEVICE_FAMILY = "1,2";
			};
			name = Release;
		};
/* End XCBuildConfiguration section */

/* Begin XCConfigurationList section */
		428B47761F7B66490069B415 /* Build configuration list for PBXProject "Pushup Tracker" */ = {
			isa = XCConfigurationList;
			buildConfigurations = (
				428B478E1F7B66490069B415 /* Debug */,
				428B478F1F7B66490069B415 /* Release */,
			);
			defaultConfigurationIsVisible = 0;
			defaultConfigurationName = Release;
		};
		428B47901F7B66490069B415 /* Build configuration list for PBXNativeTarget "Pushup Tracker" */ = {
			isa = XCConfigurationList;
			buildConfigurations = (
				428B47911F7B66490069B415 /* Debug */,
				428B47921F7B66490069B415 /* Release */,
			);
			defaultConfigurationIsVisible = 0;
			defaultConfigurationName = Release;
		};
/* End XCConfigurationList section */

/* Begin XCVersionGroup section */
		428B47851F7B66490069B415 /* Pushup_Tracker.xcdatamodeld */ = {
			isa = XCVersionGroup;
			children = (
				428B47861F7B66490069B415 /* Pushup_Tracker.xcdatamodel */,
			);
			currentVersion = 428B47861F7B66490069B415 /* Pushup_Tracker.xcdatamodel */;
			path = Pushup_Tracker.xcdatamodeld;
			sourceTree = "<group>";
			versionGroupType = wrapper.xcdatamodel;
		};
/* End XCVersionGroup section */
	};
	rootObject = 428B47731F7B66490069B415 /* Project object */;
}
